
Microsoft Visual Studio Solution File, Format Version 12.00
# Visual Studio Version 17
VisualStudioVersion = 17.2.32602.215
MinimumVisualStudioVersion = 10.0.40219.1
Project("{2150E333-8FDC-42A3-9474-1A3956D46DE8}") = "src", "src", "{A86BE167-C134-48A4-ABFE-16B3C4A0A0A6}"
EndProject
Project("{2150E333-8FDC-42A3-9474-1A3956D46DE8}") = "Building Blocks", "Building Blocks", "{25303D45-A79F-4374-9131-8223E282B3AF}"
EndProject
Project("{2150E333-8FDC-42A3-9474-1A3956D46DE8}") = "Services", "Services", "{751C5C18-E40D-480C-804F-3A2AAE22751D}"
EndProject
Project("{2150E333-8FDC-42A3-9474-1A3956D46DE8}") = "Identity", "Identity", "{A1708BD9-2EE6-4BF2-B87B-11985FC2A80B}"
EndProject
Project("{9A19103F-16F7-4668-BE54-9A1E7A4F7556}") = "CarRental.Identity.API", "src\services\CarRental.Identidade.API\CarRental.Identity.API.csproj", "{667F85A6-D969-4DF3-B6AB-F795DF8788A6}"
EndProject
Project("{2150E333-8FDC-42A3-9474-1A3956D46DE8}") = "Core", "Core", "{F3BD8D1D-6B89-4C89-B67A-6CB124211154}"
EndProject
Project("{FAE04EC0-301F-11D3-BF4B-00C04F79EFBC}") = "CarRental.Core", "src\building blocks\CarRenta.Core\CarRental.Core.csproj", "{30B2A61B-B398-4CC6-BE79-20472486FF26}"
EndProject
Project("{2150E333-8FDC-42A3-9474-1A3956D46DE8}") = "Services", "Services", "{53CF9E5D-9301-4504-AF19-A342DEF6CF75}"
EndProject
Project("{2150E333-8FDC-42A3-9474-1A3956D46DE8}") = "Users", "Users", "{D049A7DE-384B-4B46-A4BB-3398DEB3AD83}"
EndProject
Project("{FAE04EC0-301F-11D3-BF4B-00C04F79EFBC}") = "CarRental.Users.API", "CarRental.Users.API\CarRental.Users.API.csproj", "{24265C5D-0465-47DE-9684-294111A90859}"
EndProject
Project("{FAE04EC0-301F-11D3-BF4B-00C04F79EFBC}") = "CarRental.WebApi.Core", "CarRental.WebApi.Core\CarRental.WebApi.Core.csproj", "{CAA9CB56-9545-4EF1-B41C-0DCE72A22B12}"
EndProject
Project("{2150E333-8FDC-42A3-9474-1A3956D46DE8}") = "MessageBus", "MessageBus", "{0F0F57BF-0BED-4E70-A5B1-DDB95F1B20C9}"
EndProject
Project("{FAE04EC0-301F-11D3-BF4B-00C04F79EFBC}") = "CarRental.MessageBus", "src\building blocks\RentalCar.MessageBus\CarRental.MessageBus.csproj", "{F8B3F084-787C-4917-BCFB-D911A9ED4585}"
EndProject
Global
	GlobalSection(SolutionConfigurationPlatforms) = preSolution
		Debug|Any CPU = Debug|Any CPU
		Release|Any CPU = Release|Any CPU
	EndGlobalSection
	GlobalSection(ProjectConfigurationPlatforms) = postSolution
		{667F85A6-D969-4DF3-B6AB-F795DF8788A6}.Debug|Any CPU.ActiveCfg = Debug|Any CPU
		{667F85A6-D969-4DF3-B6AB-F795DF8788A6}.Debug|Any CPU.Build.0 = Debug|Any CPU
		{667F85A6-D969-4DF3-B6AB-F795DF8788A6}.Release|Any CPU.ActiveCfg = Release|Any CPU
		{667F85A6-D969-4DF3-B6AB-F795DF8788A6}.Release|Any CPU.Build.0 = Release|Any CPU
		{30B2A61B-B398-4CC6-BE79-20472486FF26}.Debug|Any CPU.ActiveCfg = Debug|Any CPU
		{30B2A61B-B398-4CC6-BE79-20472486FF26}.Debug|Any CPU.Build.0 = Debug|Any CPU
		{30B2A61B-B398-4CC6-BE79-20472486FF26}.Release|Any CPU.ActiveCfg = Release|Any CPU
		{30B2A61B-B398-4CC6-BE79-20472486FF26}.Release|Any CPU.Build.0 = Release|Any CPU
		{24265C5D-0465-47DE-9684-294111A90859}.Debug|Any CPU.ActiveCfg = Debug|Any CPU
		{24265C5D-0465-47DE-9684-294111A90859}.Debug|Any CPU.Build.0 = Debug|Any CPU
		{24265C5D-0465-47DE-9684-294111A90859}.Release|Any CPU.ActiveCfg = Release|Any CPU
		{24265C5D-0465-47DE-9684-294111A90859}.Release|Any CPU.Build.0 = Release|Any CPU
		{CAA9CB56-9545-4EF1-B41C-0DCE72A22B12}.Debug|Any CPU.ActiveCfg = Debug|Any CPU
		{CAA9CB56-9545-4EF1-B41C-0DCE72A22B12}.Debug|Any CPU.Build.0 = Debug|Any CPU
		{CAA9CB56-9545-4EF1-B41C-0DCE72A22B12}.Release|Any CPU.ActiveCfg = Release|Any CPU
		{CAA9CB56-9545-4EF1-B41C-0DCE72A22B12}.Release|Any CPU.Build.0 = Release|Any CPU
		{F8B3F084-787C-4917-BCFB-D911A9ED4585}.Debug|Any CPU.ActiveCfg = Debug|Any CPU
		{F8B3F084-787C-4917-BCFB-D911A9ED4585}.Debug|Any CPU.Build.0 = Debug|Any CPU
		{F8B3F084-787C-4917-BCFB-D911A9ED4585}.Release|Any CPU.ActiveCfg = Release|Any CPU
		{F8B3F084-787C-4917-BCFB-D911A9ED4585}.Release|Any CPU.Build.0 = Release|Any CPU
	EndGlobalSection
	GlobalSection(SolutionProperties) = preSolution
		HideSolutionNode = FALSE
	EndGlobalSection
	GlobalSection(NestedProjects) = preSolution
		{25303D45-A79F-4374-9131-8223E282B3AF} = {A86BE167-C134-48A4-ABFE-16B3C4A0A0A6}
		{751C5C18-E40D-480C-804F-3A2AAE22751D} = {A86BE167-C134-48A4-ABFE-16B3C4A0A0A6}
		{A1708BD9-2EE6-4BF2-B87B-11985FC2A80B} = {751C5C18-E40D-480C-804F-3A2AAE22751D}
		{667F85A6-D969-4DF3-B6AB-F795DF8788A6} = {A1708BD9-2EE6-4BF2-B87B-11985FC2A80B}
		{F3BD8D1D-6B89-4C89-B67A-6CB124211154} = {25303D45-A79F-4374-9131-8223E282B3AF}
		{30B2A61B-B398-4CC6-BE79-20472486FF26} = {F3BD8D1D-6B89-4C89-B67A-6CB124211154}
		{53CF9E5D-9301-4504-AF19-A342DEF6CF75} = {25303D45-A79F-4374-9131-8223E282B3AF}
		{D049A7DE-384B-4B46-A4BB-3398DEB3AD83} = {751C5C18-E40D-480C-804F-3A2AAE22751D}
		{24265C5D-0465-47DE-9684-294111A90859} = {D049A7DE-384B-4B46-A4BB-3398DEB3AD83}
		{CAA9CB56-9545-4EF1-B41C-0DCE72A22B12} = {53CF9E5D-9301-4504-AF19-A342DEF6CF75}
		{0F0F57BF-0BED-4E70-A5B1-DDB95F1B20C9} = {25303D45-A79F-4374-9131-8223E282B3AF}
		{F8B3F084-787C-4917-BCFB-D911A9ED4585} = {0F0F57BF-0BED-4E70-A5B1-DDB95F1B20C9}
	EndGlobalSection
	GlobalSection(ExtensibilityGlobals) = postSolution
		SolutionGuid = {8F986086-F237-49A4-8FA7-80D388A82DDC}
	EndGlobalSection
EndGlobal
