
Microsoft Visual Studio Solution File, Format Version 12.00
# Visual Studio Version 17
VisualStudioVersion = 17.2.32602.215
MinimumVisualStudioVersion = 10.0.40219.1
Project("{2150E333-8FDC-42A3-9474-1A3956D46DE8}") = "src", "src", "{A86BE167-C134-48A4-ABFE-16B3C4A0A0A6}"
EndProject
Project("{2150E333-8FDC-42A3-9474-1A3956D46DE8}") = "Building Blocks", "Building Blocks", "{25303D45-A79F-4374-9131-8223E282B3AF}"
EndProject
Project("{2150E333-8FDC-42A3-9474-1A3956D46DE8}") = "Services", "Services", "{751C5C18-E40D-480C-804F-3A2AAE22751D}"
EndProject
Project("{2150E333-8FDC-42A3-9474-1A3956D46DE8}") = "Identity", "Identity", "{A1708BD9-2EE6-4BF2-B87B-11985FC2A80B}"
EndProject
Project("{9A19103F-16F7-4668-BE54-9A1E7A4F7556}") = "CarRental.Identity.API", "src\services\CarRental.Identidade.API\CarRental.Identity.API.csproj", "{667F85A6-D969-4DF3-B6AB-F795DF8788A6}"
EndProject
Project("{2150E333-8FDC-42A3-9474-1A3956D46DE8}") = "Core", "Core", "{F3BD8D1D-6B89-4C89-B67A-6CB124211154}"
EndProject
Project("{2150E333-8FDC-42A3-9474-1A3956D46DE8}") = "Services", "Services", "{53CF9E5D-9301-4504-AF19-A342DEF6CF75}"
EndProject
Project("{2150E333-8FDC-42A3-9474-1A3956D46DE8}") = "Users", "Users", "{D049A7DE-384B-4B46-A4BB-3398DEB3AD83}"
EndProject
Project("{2150E333-8FDC-42A3-9474-1A3956D46DE8}") = "MessageBus", "MessageBus", "{0F0F57BF-0BED-4E70-A5B1-DDB95F1B20C9}"
EndProject
Project("{9A19103F-16F7-4668-BE54-9A1E7A4F7556}") = "CarRental.Core", "src\building blocks\CarRental.Core\CarRental.Core.csproj", "{8574C970-E805-4DEE-A9A9-815F281033C9}"
EndProject
Project("{9A19103F-16F7-4668-BE54-9A1E7A4F7556}") = "CarRental.MessageBus", "src\building blocks\CarRental.MessageBus\CarRental.MessageBus.csproj", "{5DA0E6DD-9051-4E53-A19F-CCDBF6845DE1}"
EndProject
Project("{9A19103F-16F7-4668-BE54-9A1E7A4F7556}") = "CarRental.WebApi.Core", "src\building blocks\CarRental.WebApi.Core\CarRental.WebApi.Core.csproj", "{8C55E4A3-39F1-4945-A617-A941D4AB4ACC}"
EndProject
Project("{9A19103F-16F7-4668-BE54-9A1E7A4F7556}") = "CarRental.Users.API", "src\services\CarRental.Users.API\CarRental.Users.API.csproj", "{0CA4358C-87A6-4820-A606-49F3F676D2F5}"
EndProject
Project("{2150E333-8FDC-42A3-9474-1A3956D46DE8}") = "Fleet", "Fleet", "{AB8C45DB-5E2D-477F-B233-1924C65DF429}"
EndProject
Project("{9A19103F-16F7-4668-BE54-9A1E7A4F7556}") = "CarRental.Fleet.API", "src\services\CarRental.Fleet.API\CarRental.Fleet.API.csproj", "{583D3DE5-DB96-45FD-9FFF-84D75624513F}"
EndProject
Project("{2150E333-8FDC-42A3-9474-1A3956D46DE8}") = "Renting", "Renting", "{283D099C-9C44-43DF-A25D-1A769DB6F64E}"
EndProject
Project("{2150E333-8FDC-42A3-9474-1A3956D46DE8}") = "Rentals", "Rentals", "{07EEC334-C149-48FB-91C4-83E914413C3C}"
EndProject
Project("{9A19103F-16F7-4668-BE54-9A1E7A4F7556}") = "CarRental.BFF.Renting", "src\gateway\CarRental.BFF.Renting\CarRental.BFF.Renting.csproj", "{86A4AF3F-EF78-4325-BB38-DD68607064B3}"
EndProject
Project("{9A19103F-16F7-4668-BE54-9A1E7A4F7556}") = "CarRental.Rentals.API", "src\services\CarRental.Rental.API\CarRental.Rentals.API.csproj", "{0087D224-B8F0-4B11-8C8F-1266095A5BBE}"
EndProject
Project("{2150E333-8FDC-42A3-9474-1A3956D46DE8}") = "Documention", "Documention", "{34980B86-E269-4EB4-B8CC-48BE2CE84AD0}"
EndProject
Project("{9A19103F-16F7-4668-BE54-9A1E7A4F7556}") = "CarRental.Rentals.Domain", "src\services\CarRental.Rental.Domain\CarRental.Rentals.Domain.csproj", "{0090D05D-9E47-4968-BD7F-206DDEAAB8AC}"
EndProject
Project("{9A19103F-16F7-4668-BE54-9A1E7A4F7556}") = "CarRental.Rentals.Data", "src\services\CarRental.Rental.Data\CarRental.Rentals.Data.csproj", "{97BCAD92-B652-43E5-B023-3B325491396E}"
EndProject
Project("{9A19103F-16F7-4668-BE54-9A1E7A4F7556}") = "CarRental.Documentation.API", "src\services\CarRental.Documentation.API\CarRental.Documentation.API.csproj", "{5320F501-85C5-4FEF-B4E2-2228F28F6CD5}"
EndProject
Project("{2150E333-8FDC-42A3-9474-1A3956D46DE8}") = "Tests", "Tests", "{BB76C2E3-E3CB-4023-B6A8-A17D1DEC92FD}"
EndProject
Project("{FAE04EC0-301F-11D3-BF4B-00C04F79EFBC}") = "CarRental.Rentals.Test", "src\tests\services\CarRental.Rentals.Test\CarRental.Rentals.Test.csproj", "{18FC3373-1650-4AF5-B2EE-5C7F43A70076}"
EndProject
Global
	GlobalSection(SolutionConfigurationPlatforms) = preSolution
		Debug|Any CPU = Debug|Any CPU
		Release|Any CPU = Release|Any CPU
	EndGlobalSection
	GlobalSection(ProjectConfigurationPlatforms) = postSolution
		{667F85A6-D969-4DF3-B6AB-F795DF8788A6}.Debug|Any CPU.ActiveCfg = Debug|Any CPU
		{667F85A6-D969-4DF3-B6AB-F795DF8788A6}.Debug|Any CPU.Build.0 = Debug|Any CPU
		{667F85A6-D969-4DF3-B6AB-F795DF8788A6}.Release|Any CPU.ActiveCfg = Release|Any CPU
		{667F85A6-D969-4DF3-B6AB-F795DF8788A6}.Release|Any CPU.Build.0 = Release|Any CPU
		{8574C970-E805-4DEE-A9A9-815F281033C9}.Debug|Any CPU.ActiveCfg = Debug|Any CPU
		{8574C970-E805-4DEE-A9A9-815F281033C9}.Debug|Any CPU.Build.0 = Debug|Any CPU
		{8574C970-E805-4DEE-A9A9-815F281033C9}.Release|Any CPU.ActiveCfg = Release|Any CPU
		{8574C970-E805-4DEE-A9A9-815F281033C9}.Release|Any CPU.Build.0 = Release|Any CPU
		{5DA0E6DD-9051-4E53-A19F-CCDBF6845DE1}.Debug|Any CPU.ActiveCfg = Debug|Any CPU
		{5DA0E6DD-9051-4E53-A19F-CCDBF6845DE1}.Debug|Any CPU.Build.0 = Debug|Any CPU
		{5DA0E6DD-9051-4E53-A19F-CCDBF6845DE1}.Release|Any CPU.ActiveCfg = Release|Any CPU
		{5DA0E6DD-9051-4E53-A19F-CCDBF6845DE1}.Release|Any CPU.Build.0 = Release|Any CPU
		{8C55E4A3-39F1-4945-A617-A941D4AB4ACC}.Debug|Any CPU.ActiveCfg = Debug|Any CPU
		{8C55E4A3-39F1-4945-A617-A941D4AB4ACC}.Debug|Any CPU.Build.0 = Debug|Any CPU
		{8C55E4A3-39F1-4945-A617-A941D4AB4ACC}.Release|Any CPU.ActiveCfg = Release|Any CPU
		{8C55E4A3-39F1-4945-A617-A941D4AB4ACC}.Release|Any CPU.Build.0 = Release|Any CPU
		{0CA4358C-87A6-4820-A606-49F3F676D2F5}.Debug|Any CPU.ActiveCfg = Debug|Any CPU
		{0CA4358C-87A6-4820-A606-49F3F676D2F5}.Debug|Any CPU.Build.0 = Debug|Any CPU
		{0CA4358C-87A6-4820-A606-49F3F676D2F5}.Release|Any CPU.ActiveCfg = Release|Any CPU
		{0CA4358C-87A6-4820-A606-49F3F676D2F5}.Release|Any CPU.Build.0 = Release|Any CPU
		{583D3DE5-DB96-45FD-9FFF-84D75624513F}.Debug|Any CPU.ActiveCfg = Debug|Any CPU
		{583D3DE5-DB96-45FD-9FFF-84D75624513F}.Debug|Any CPU.Build.0 = Debug|Any CPU
		{583D3DE5-DB96-45FD-9FFF-84D75624513F}.Release|Any CPU.ActiveCfg = Release|Any CPU
		{583D3DE5-DB96-45FD-9FFF-84D75624513F}.Release|Any CPU.Build.0 = Release|Any CPU
		{86A4AF3F-EF78-4325-BB38-DD68607064B3}.Debug|Any CPU.ActiveCfg = Debug|Any CPU
		{86A4AF3F-EF78-4325-BB38-DD68607064B3}.Debug|Any CPU.Build.0 = Debug|Any CPU
		{86A4AF3F-EF78-4325-BB38-DD68607064B3}.Release|Any CPU.ActiveCfg = Release|Any CPU
		{86A4AF3F-EF78-4325-BB38-DD68607064B3}.Release|Any CPU.Build.0 = Release|Any CPU
		{0087D224-B8F0-4B11-8C8F-1266095A5BBE}.Debug|Any CPU.ActiveCfg = Debug|Any CPU
		{0087D224-B8F0-4B11-8C8F-1266095A5BBE}.Debug|Any CPU.Build.0 = Debug|Any CPU
		{0087D224-B8F0-4B11-8C8F-1266095A5BBE}.Release|Any CPU.ActiveCfg = Release|Any CPU
		{0087D224-B8F0-4B11-8C8F-1266095A5BBE}.Release|Any CPU.Build.0 = Release|Any CPU
		{0090D05D-9E47-4968-BD7F-206DDEAAB8AC}.Debug|Any CPU.ActiveCfg = Debug|Any CPU
		{0090D05D-9E47-4968-BD7F-206DDEAAB8AC}.Debug|Any CPU.Build.0 = Debug|Any CPU
		{0090D05D-9E47-4968-BD7F-206DDEAAB8AC}.Release|Any CPU.ActiveCfg = Release|Any CPU
		{0090D05D-9E47-4968-BD7F-206DDEAAB8AC}.Release|Any CPU.Build.0 = Release|Any CPU
		{97BCAD92-B652-43E5-B023-3B325491396E}.Debug|Any CPU.ActiveCfg = Debug|Any CPU
		{97BCAD92-B652-43E5-B023-3B325491396E}.Debug|Any CPU.Build.0 = Debug|Any CPU
		{97BCAD92-B652-43E5-B023-3B325491396E}.Release|Any CPU.ActiveCfg = Release|Any CPU
		{97BCAD92-B652-43E5-B023-3B325491396E}.Release|Any CPU.Build.0 = Release|Any CPU
		{5320F501-85C5-4FEF-B4E2-2228F28F6CD5}.Debug|Any CPU.ActiveCfg = Debug|Any CPU
		{5320F501-85C5-4FEF-B4E2-2228F28F6CD5}.Debug|Any CPU.Build.0 = Debug|Any CPU
		{5320F501-85C5-4FEF-B4E2-2228F28F6CD5}.Release|Any CPU.ActiveCfg = Release|Any CPU
		{5320F501-85C5-4FEF-B4E2-2228F28F6CD5}.Release|Any CPU.Build.0 = Release|Any CPU
		{18FC3373-1650-4AF5-B2EE-5C7F43A70076}.Debug|Any CPU.ActiveCfg = Debug|Any CPU
		{18FC3373-1650-4AF5-B2EE-5C7F43A70076}.Debug|Any CPU.Build.0 = Debug|Any CPU
		{18FC3373-1650-4AF5-B2EE-5C7F43A70076}.Release|Any CPU.ActiveCfg = Release|Any CPU
		{18FC3373-1650-4AF5-B2EE-5C7F43A70076}.Release|Any CPU.Build.0 = Release|Any CPU
	EndGlobalSection
	GlobalSection(SolutionProperties) = preSolution
		HideSolutionNode = FALSE
	EndGlobalSection
	GlobalSection(NestedProjects) = preSolution
		{25303D45-A79F-4374-9131-8223E282B3AF} = {A86BE167-C134-48A4-ABFE-16B3C4A0A0A6}
		{751C5C18-E40D-480C-804F-3A2AAE22751D} = {A86BE167-C134-48A4-ABFE-16B3C4A0A0A6}
		{A1708BD9-2EE6-4BF2-B87B-11985FC2A80B} = {751C5C18-E40D-480C-804F-3A2AAE22751D}
		{667F85A6-D969-4DF3-B6AB-F795DF8788A6} = {A1708BD9-2EE6-4BF2-B87B-11985FC2A80B}
		{F3BD8D1D-6B89-4C89-B67A-6CB124211154} = {25303D45-A79F-4374-9131-8223E282B3AF}
		{53CF9E5D-9301-4504-AF19-A342DEF6CF75} = {25303D45-A79F-4374-9131-8223E282B3AF}
		{D049A7DE-384B-4B46-A4BB-3398DEB3AD83} = {751C5C18-E40D-480C-804F-3A2AAE22751D}
		{0F0F57BF-0BED-4E70-A5B1-DDB95F1B20C9} = {25303D45-A79F-4374-9131-8223E282B3AF}
		{8574C970-E805-4DEE-A9A9-815F281033C9} = {F3BD8D1D-6B89-4C89-B67A-6CB124211154}
		{5DA0E6DD-9051-4E53-A19F-CCDBF6845DE1} = {0F0F57BF-0BED-4E70-A5B1-DDB95F1B20C9}
		{8C55E4A3-39F1-4945-A617-A941D4AB4ACC} = {53CF9E5D-9301-4504-AF19-A342DEF6CF75}
		{0CA4358C-87A6-4820-A606-49F3F676D2F5} = {D049A7DE-384B-4B46-A4BB-3398DEB3AD83}
		{AB8C45DB-5E2D-477F-B233-1924C65DF429} = {751C5C18-E40D-480C-804F-3A2AAE22751D}
		{583D3DE5-DB96-45FD-9FFF-84D75624513F} = {AB8C45DB-5E2D-477F-B233-1924C65DF429}
		{283D099C-9C44-43DF-A25D-1A769DB6F64E} = {A86BE167-C134-48A4-ABFE-16B3C4A0A0A6}
		{07EEC334-C149-48FB-91C4-83E914413C3C} = {751C5C18-E40D-480C-804F-3A2AAE22751D}
		{86A4AF3F-EF78-4325-BB38-DD68607064B3} = {283D099C-9C44-43DF-A25D-1A769DB6F64E}
		{0087D224-B8F0-4B11-8C8F-1266095A5BBE} = {07EEC334-C149-48FB-91C4-83E914413C3C}
		{34980B86-E269-4EB4-B8CC-48BE2CE84AD0} = {751C5C18-E40D-480C-804F-3A2AAE22751D}
		{0090D05D-9E47-4968-BD7F-206DDEAAB8AC} = {07EEC334-C149-48FB-91C4-83E914413C3C}
		{97BCAD92-B652-43E5-B023-3B325491396E} = {07EEC334-C149-48FB-91C4-83E914413C3C}
		{5320F501-85C5-4FEF-B4E2-2228F28F6CD5} = {34980B86-E269-4EB4-B8CC-48BE2CE84AD0}
		{BB76C2E3-E3CB-4023-B6A8-A17D1DEC92FD} = {A86BE167-C134-48A4-ABFE-16B3C4A0A0A6}
		{18FC3373-1650-4AF5-B2EE-5C7F43A70076} = {BB76C2E3-E3CB-4023-B6A8-A17D1DEC92FD}
	EndGlobalSection
	GlobalSection(ExtensibilityGlobals) = postSolution
		SolutionGuid = {8F986086-F237-49A4-8FA7-80D388A82DDC}
	EndGlobalSection
EndGlobal
